// !$*UTF8*$!
{
	archiveVersion = 1;
	classes = {
	};
	objectVersion = 52;
	objects = {

/* Begin PBXBuildFile section */
		1B7C39651D76C807001D07E3 /* AppDelegate.swift in Sources */ = {isa = PBXBuildFile; fileRef = 1B7C39641D76C807001D07E3 /* AppDelegate.swift */; };
		1B7C39671D76C807001D07E3 /* ViewController.swift in Sources */ = {isa = PBXBuildFile; fileRef = 1B7C39661D76C807001D07E3 /* ViewController.swift */; };
		1B7C396A1D76C807001D07E3 /* Main.storyboard in Resources */ = {isa = PBXBuildFile; fileRef = 1B7C39681D76C807001D07E3 /* Main.storyboard */; };
		1B7C396C1D76C807001D07E3 /* Assets.xcassets in Resources */ = {isa = PBXBuildFile; fileRef = 1B7C396B1D76C807001D07E3 /* Assets.xcassets */; };
		1B7C396F1D76C807001D07E3 /* LaunchScreen.storyboard in Resources */ = {isa = PBXBuildFile; fileRef = 1B7C396D1D76C807001D07E3 /* LaunchScreen.storyboard */; };
		D69BE84B2698FEAB00F2563F /* Switch in Frameworks */ = {isa = PBXBuildFile; productRef = D69BE84A2698FEAB00F2563F /* Switch */; };
/* End PBXBuildFile section */

/* Begin PBXFileReference section */
		1B7C39611D76C807001D07E3 /* SwitchDemo.app */ = {isa = PBXFileReference; explicitFileType = wrapper.application; includeInIndex = 0; path = SwitchDemo.app; sourceTree = BUILT_PRODUCTS_DIR; };
		1B7C39641D76C807001D07E3 /* AppDelegate.swift */ = {isa = PBXFileReference; lastKnownFileType = sourcecode.swift; path = AppDelegate.swift; sourceTree = "<group>"; };
		1B7C39661D76C807001D07E3 /* ViewController.swift */ = {isa = PBXFileReference; lastKnownFileType = sourcecode.swift; path = ViewController.swift; sourceTree = "<group>"; };
		1B7C39691D76C807001D07E3 /* Base */ = {isa = PBXFileReference; lastKnownFileType = file.storyboard; name = Base; path = Base.lproj/Main.storyboard; sourceTree = "<group>"; };
		1B7C396B1D76C807001D07E3 /* Assets.xcassets */ = {isa = PBXFileReference; lastKnownFileType = folder.assetcatalog; path = Assets.xcassets; sourceTree = "<group>"; };
		1B7C396E1D76C807001D07E3 /* Base */ = {isa = PBXFileReference; lastKnownFileType = file.storyboard; name = Base; path = Base.lproj/LaunchScreen.storyboard; sourceTree = "<group>"; };
		1B7C39701D76C807001D07E3 /* Info.plist */ = {isa = PBXFileReference; lastKnownFileType = text.plist.xml; path = Info.plist; sourceTree = "<group>"; };
/* End PBXFileReference section */

/* Begin PBXFrameworksBuildPhase section */
		1B7C395E1D76C807001D07E3 /* Frameworks */ = {
			isa = PBXFrameworksBuildPhase;
			buildActionMask = 2147483647;
			files = (
				D69BE84B2698FEAB00F2563F /* Switch in Frameworks */,
			);
			runOnlyForDeploymentPostprocessing = 0;
		};
/* End PBXFrameworksBuildPhase section */

/* Begin PBXGroup section */
		1B7C39581D76C807001D07E3 = {
			isa = PBXGroup;
			children = (
				1B7C39631D76C807001D07E3 /* SwitchDemo */,
				1B7C39621D76C807001D07E3 /* Products */,
			);
			sourceTree = "<group>";
		};
		1B7C39621D76C807001D07E3 /* Products */ = {
			isa = PBXGroup;
			children = (
				1B7C39611D76C807001D07E3 /* SwitchDemo.app */,
			);
			name = Products;
			sourceTree = "<group>";
		};
		1B7C39631D76C807001D07E3 /* SwitchDemo */ = {
			isa = PBXGroup;
			children = (
				1B7C39641D76C807001D07E3 /* AppDelegate.swift */,
				1B7C39661D76C807001D07E3 /* ViewController.swift */,
				1B7C39681D76C807001D07E3 /* Main.storyboard */,
				1B7C396B1D76C807001D07E3 /* Assets.xcassets */,
				1B7C396D1D76C807001D07E3 /* LaunchScreen.storyboard */,
				1B7C39701D76C807001D07E3 /* Info.plist */,
			);
			path = SwitchDemo;
			sourceTree = "<group>";
		};
/* End PBXGroup section */

/* Begin PBXNativeTarget section */
		1B7C39601D76C807001D07E3 /* SwitchDemo */ = {
			isa = PBXNativeTarget;
			buildConfigurationList = 1B7C39731D76C807001D07E3 /* Build configuration list for PBXNativeTarget "SwitchDemo" */;
			buildPhases = (
				1B7C395D1D76C807001D07E3 /* Sources */,
				1B7C395E1D76C807001D07E3 /* Frameworks */,
				1B7C395F1D76C807001D07E3 /* Resources */,
			);
			buildRules = (
			);
			dependencies = (
			);
			name = SwitchDemo;
			packageProductDependencies = (
				D69BE84A2698FEAB00F2563F /* Switch */,
			);
			productName = SwitchDemo;
			productReference = 1B7C39611D76C807001D07E3 /* SwitchDemo.app */;
			productType = "com.apple.product-type.application";
		};
/* End PBXNativeTarget section */

/* Begin PBXProject section */
		1B7C39591D76C807001D07E3 /* Project object */ = {
			isa = PBXProject;
			attributes = {
				LastSwiftUpdateCheck = 0730;
				LastUpgradeCheck = 1250;
				ORGANIZATIONNAME = TPM;
				TargetAttributes = {
					1B7C39601D76C807001D07E3 = {
						CreatedOnToolsVersion = 7.3.1;
						LastSwiftMigration = 1250;
					};
				};
			};
			buildConfigurationList = 1B7C395C1D76C807001D07E3 /* Build configuration list for PBXProject "SwitchDemo" */;
			compatibilityVersion = "Xcode 3.2";
			developmentRegion = en;
			hasScannedForEncodings = 0;
			knownRegions = (
				en,
				Base,
			);
			mainGroup = 1B7C39581D76C807001D07E3;
			packageReferences = (
				D69BE8492698FEAB00F2563F /* XCRemoteSwiftPackageReference "Switch" */,
			);
			productRefGroup = 1B7C39621D76C807001D07E3 /* Products */;
			projectDirPath = "";
			projectRoot = "";
			targets = (
				1B7C39601D76C807001D07E3 /* SwitchDemo */,
			);
		};
/* End PBXProject section */

/* Begin PBXResourcesBuildPhase section */
		1B7C395F1D76C807001D07E3 /* Resources */ = {
			isa = PBXResourcesBuildPhase;
			buildActionMask = 2147483647;
			files = (
				1B7C396F1D76C807001D07E3 /* LaunchScreen.storyboard in Resources */,
				1B7C396C1D76C807001D07E3 /* Assets.xcassets in Resources */,
				1B7C396A1D76C807001D07E3 /* Main.storyboard in Resources */,
			);
			runOnlyForDeploymentPostprocessing = 0;
		};
/* End PBXResourcesBuildPhase section */

/* Begin PBXSourcesBuildPhase section */
		1B7C395D1D76C807001D07E3 /* Sources */ = {
			isa = PBXSourcesBuildPhase;
			buildActionMask = 2147483647;
			files = (
				1B7C39671D76C807001D07E3 /* ViewController.swift in Sources */,
				1B7C39651D76C807001D07E3 /* AppDelegate.swift in Sources */,
			);
			runOnlyForDeploymentPostprocessing = 0;
		};
/* End PBXSourcesBuildPhase section */

/* Begin PBXVariantGroup section */
		1B7C39681D76C807001D07E3 /* Main.storyboard */ = {
			isa = PBXVariantGroup;
			children = (
				1B7C39691D76C807001D07E3 /* Base */,
			);
			name = Main.storyboard;
			sourceTree = "<group>";
		};
		1B7C396D1D76C807001D07E3 /* LaunchScreen.storyboard */ = {
			isa = PBXVariantGroup;
			children = (
				1B7C396E1D76C807001D07E3 /* Base */,
			);
			name = LaunchScreen.storyboard;
			sourceTree = "<group>";
		};
/* End PBXVariantGroup section */

/* Begin XCBuildConfiguration section */
		1B7C39711D76C807001D07E3 /* Debug */ = {
			isa = XCBuildConfiguration;
			buildSettings = {
				ALWAYS_SEARCH_USER_PATHS = NO;
				CLANG_ANALYZER_LOCALIZABILITY_NONLOCALIZED = YES;
				CLANG_ANALYZER_NONNULL = YES;
				CLANG_CXX_LANGUAGE_STANDARD = "gnu++0x";
				CLANG_CXX_LIBRARY = "libc++";
				CLANG_ENABLE_MODULES = YES;
				CLANG_ENABLE_OBJC_ARC = YES;
				CLANG_WARN_BLOCK_CAPTURE_AUTORELEASING = YES;
				CLANG_WARN_BOOL_CONVERSION = YES;
				CLANG_WARN_COMMA = YES;
				CLANG_WARN_CONSTANT_CONVERSION = YES;
				CLANG_WARN_DEPRECATED_OBJC_IMPLEMENTATIONS = YES;
				CLANG_WARN_DIRECT_OBJC_ISA_USAGE = YES_ERROR;
				CLANG_WARN_EMPTY_BODY = YES;
				CLANG_WARN_ENUM_CONVERSION = YES;
				CLANG_WARN_INFINITE_RECURSION = YES;
				CLANG_WARN_INT_CONVERSION = YES;
				CLANG_WARN_NON_LITERAL_NULL_CONVERSION = YES;
				CLANG_WARN_OBJC_IMPLICIT_RETAIN_SELF = YES;
				CLANG_WARN_OBJC_LITERAL_CONVERSION = YES;
				CLANG_WARN_OBJC_ROOT_CLASS = YES_ERROR;
				CLANG_WARN_QUOTED_INCLUDE_IN_FRAMEWORK_HEADER = YES;
				CLANG_WARN_RANGE_LOOP_ANALYSIS = YES;
				CLANG_WARN_STRICT_PROTOTYPES = YES;
				CLANG_WARN_SUSPICIOUS_MOVE = YES;
				CLANG_WARN_UNREACHABLE_CODE = YES;
				CLANG_WARN__DUPLICATE_METHOD_MATCH = YES;
				"CODE_SIGN_IDENTITY[sdk=iphoneos*]" = "iPhone Developer";
				COPY_PHASE_STRIP = NO;
				DEBUG_INFORMATION_FORMAT = dwarf;
				ENABLE_STRICT_OBJC_MSGSEND = YES;
				ENABLE_TESTABILITY = YES;
				GCC_C_LANGUAGE_STANDARD = gnu99;
				GCC_DYNAMIC_NO_PIC = NO;
				GCC_NO_COMMON_BLOCKS = YES;
				GCC_OPTIMIZATION_LEVEL = 0;
				GCC_PREPROCESSOR_DEFINITIONS = (
					"DEBUG=1",
					"$(inherited)",
				);
				GCC_WARN_64_TO_32_BIT_CONVERSION = YES;
				GCC_WARN_ABOUT_RETURN_TYPE = YES_ERROR;
				GCC_WARN_UNDECLARED_SELECTOR = YES;
				GCC_WARN_UNINITIALIZED_AUTOS = YES_AGGRESSIVE;
				GCC_WARN_UNUSED_FUNCTION = YES;
				GCC_WARN_UNUSED_VARIABLE = YES;
				IPHONEOS_DEPLOYMENT_TARGET = 12.0;
				MTL_ENABLE_DEBUG_INFO = YES;
				ONLY_ACTIVE_ARCH = YES;
				SDKROOT = iphoneos;
				SWIFT_OPTIMIZATION_LEVEL = "-Onone";
				SWIFT_VERSION = 4.0;
				TARGETED_DEVICE_FAMILY = "1,2";
			};
			name = Debug;
		};
		1B7C39721D76C807001D07E3 /* Release */ = {
			isa = XCBuildConfiguration;
			buildSettings = {
				ALWAYS_SEARCH_USER_PATHS = NO;
				CLANG_ANALYZER_LOCALIZABILITY_NONLOCALIZED = YES;
				CLANG_ANALYZER_NONNULL = YES;
				CLANG_CXX_LANGUAGE_STANDARD = "gnu++0x";
				CLANG_CXX_LIBRARY = "libc++";
				CLANG_ENABLE_MODULES = YES;
				CLANG_ENABLE_OBJC_ARC = YES;
				CLANG_WARN_BLOCK_CAPTURE_AUTORELEASING = YES;
				CLANG_WARN_BOOL_CONVERSION = YES;
				CLANG_WARN_COMMA = YES;
				CLANG_WARN_CONSTANT_CONVERSION = YES;
				CLANG_WARN_DEPRECATED_OBJC_IMPLEMENTATIONS = YES;
				CLANG_WARN_DIRECT_OBJC_ISA_USAGE = YES_ERROR;
				CLANG_WARN_EMPTY_BODY = YES;
				CLANG_WARN_ENUM_CONVERSION = YES;
				CLANG_WARN_INFINITE_RECURSION = YES;
				CLANG_WARN_INT_CONVERSION = YES;
				CLANG_WARN_NON_LITERAL_NULL_CONVERSION = YES;
				CLANG_WARN_OBJC_IMPLICIT_RETAIN_SELF = YES;
				CLANG_WARN_OBJC_LITERAL_CONVERSION = YES;
				CLANG_WARN_OBJC_ROOT_CLASS = YES_ERROR;
				CLANG_WARN_QUOTED_INCLUDE_IN_FRAMEWORK_HEADER = YES;
				CLANG_WARN_RANGE_LOOP_ANALYSIS = YES;
				CLANG_WARN_STRICT_PROTOTYPES = YES;
				CLANG_WARN_SUSPICIOUS_MOVE = YES;
				CLANG_WARN_UNREACHABLE_CODE = YES;
				CLANG_WARN__DUPLICATE_METHOD_MATCH = YES;
				"CODE_SIGN_IDENTITY[sdk=iphoneos*]" = "iPhone Developer";
				COPY_PHASE_STRIP = NO;
				DEBUG_INFORMATION_FORMAT = "dwarf-with-dsym";
				ENABLE_NS_ASSERTIONS = NO;
				ENABLE_STRICT_OBJC_MSGSEND = YES;
				GCC_C_LANGUAGE_STANDARD = gnu99;
				GCC_NO_COMMON_BLOCKS = YES;
				GCC_WARN_64_TO_32_BIT_CONVERSION = YES;
				GCC_WARN_ABOUT_RETURN_TYPE = YES_ERROR;
				GCC_WARN_UNDECLARED_SELECTOR = YES;
				GCC_WARN_UNINITIALIZED_AUTOS = YES_AGGRESSIVE;
				GCC_WARN_UNUSED_FUNCTION = YES;
				GCC_WARN_UNUSED_VARIABLE = YES;
				IPHONEOS_DEPLOYMENT_TARGET = 12.0;
				MTL_ENABLE_DEBUG_INFO = NO;
				SDKROOT = iphoneos;
				SWIFT_COMPILATION_MODE = wholemodule;
				SWIFT_OPTIMIZATION_LEVEL = "-O";
				SWIFT_VERSION = 4.0;
				TARGETED_DEVICE_FAMILY = "1,2";
				VALIDATE_PRODUCT = YES;
			};
			name = Release;
		};
		1B7C39741D76C807001D07E3 /* Debug */ = {
			isa = XCBuildConfiguration;
			buildSettings = {
				ASSETCATALOG_COMPILER_APPICON_NAME = AppIcon;
				INFOPLIST_FILE = SwitchDemo/Info.plist;
				LD_RUNPATH_SEARCH_PATHS = (
					"$(inherited)",
					"@executable_path/Frameworks",
				);
				PRODUCT_BUNDLE_IDENTIFIER = TPM.SwitchDemo;
				PRODUCT_NAME = "$(TARGET_NAME)";
				SWIFT_VERSION = 5.0;
			};
			name = Debug;
		};
		1B7C39751D76C807001D07E3 /* Release */ = {
			isa = XCBuildConfiguration;
			buildSettings = {
				ASSETCATALOG_COMPILER_APPICON_NAME = AppIcon;
				INFOPLIST_FILE = SwitchDemo/Info.plist;
				LD_RUNPATH_SEARCH_PATHS = (
					"$(inherited)",
					"@executable_path/Frameworks",
				);
				PRODUCT_BUNDLE_IDENTIFIER = TPM.SwitchDemo;
				PRODUCT_NAME = "$(TARGET_NAME)";
				SWIFT_VERSION = 5.0;
			};
			name = Release;
		};
/* End XCBuildConfiguration section */

/* Begin XCConfigurationList section */
		1B7C395C1D76C807001D07E3 /* Build configuration list for PBXProject "SwitchDemo" */ = {
			isa = XCConfigurationList;
			buildConfigurations = (
				1B7C39711D76C807001D07E3 /* Debug */,
				1B7C39721D76C807001D07E3 /* Release */,
			);
			defaultConfigurationIsVisible = 0;
			defaultConfigurationName = Release;
		};
		1B7C39731D76C807001D07E3 /* Build configuration list for PBXNativeTarget "SwitchDemo" */ = {
			isa = XCConfigurationList;
			buildConfigurations = (
				1B7C39741D76C807001D07E3 /* Debug */,
				1B7C39751D76C807001D07E3 /* Release */,
			);
			defaultConfigurationIsVisible = 0;
			defaultConfigurationName = Release;
		};
/* End XCConfigurationList section */

/* Begin XCRemoteSwiftPackageReference section */
		D69BE8492698FEAB00F2563F /* XCRemoteSwiftPackageReference "Switch" */ = {
			isa = XCRemoteSwiftPackageReference;
			repositoryURL = "https://github.com/T-Pham/Switch";
			requirement = {
				branch = master;
				kind = branch;
			};
		};
/* End XCRemoteSwiftPackageReference section */

/* Begin XCSwiftPackageProductDependency section */
		D69BE84A2698FEAB00F2563F /* Switch */ = {
			isa = XCSwiftPackageProductDependency;
			package = D69BE8492698FEAB00F2563F /* XCRemoteSwiftPackageReference "Switch" */;
			productName = Switch;
		};
/* End XCSwiftPackageProductDependency section */
	};
	rootObject = 1B7C39591D76C807001D07E3 /* Project object */;
}
